
Microsoft Visual Studio Solution File, Format Version 11.00
# Visual Studio 2010
Project("{FAE04EC0-301F-11D3-BF4B-00C04F79EFBC}") = "MonoTestApp", "MonoTestApp\MonoTestApp.csproj", "{7683F422-68F0-4618-822E-694842FC811D}"
EndProject
Global
	GlobalSection(SolutionConfigurationPlatforms) = preSolution
		Debug|Any CPU = Debug|Any CPU
		Release|Any CPU = Release|Any CPU
	EndGlobalSection
	GlobalSection(ProjectConfigurationPlatforms) = postSolution
		{7683F422-68F0-4618-822E-694842FC811D}.Debug|Any CPU.ActiveCfg = Debug|Any CPU
		{7683F422-68F0-4618-822E-694842FC811D}.Debug|Any CPU.Build.0 = Debug|Any CPU
		{7683F422-68F0-4618-822E-694842FC811D}.Release|Any CPU.ActiveCfg = Release|Any CPU
		{7683F422-68F0-4618-822E-694842FC811D}.Release|Any CPU.Build.0 = Release|Any CPU
	EndGlobalSection
	GlobalSection(MonoDevelopProperties) = preSolution
		StartupItem = MonoTestApp\MonoTestApp.csproj
	EndGlobalSection
EndGlobal
